
Microsoft Visual Studio Solution File, Format Version 12.00
# Visual Studio Version 16
VisualStudioVersion = 16.0.30011.22
MinimumVisualStudioVersion = 10.0.40219.1
Project("{FAE04EC0-301F-11D3-BF4B-00C04F79EFBC}") = "QuanLiThuVien", "QuanLiThuVien\QuanLiThuVien.csproj", "{531B1B9B-7ADA-41E4-903F-980BC3A68B7B}"
EndProject
Global
	GlobalSection(SolutionConfigurationPlatforms) = preSolution
		Debug|Any CPU = Debug|Any CPU
		Release|Any CPU = Release|Any CPU
	EndGlobalSection
	GlobalSection(ProjectConfigurationPlatforms) = postSolution
		{531B1B9B-7ADA-41E4-903F-980BC3A68B7B}.Debug|Any CPU.ActiveCfg = Debug|Any CPU
		{531B1B9B-7ADA-41E4-903F-980BC3A68B7B}.Debug|Any CPU.Build.0 = Debug|Any CPU
		{531B1B9B-7ADA-41E4-903F-980BC3A68B7B}.Release|Any CPU.ActiveCfg = Release|Any CPU
		{531B1B9B-7ADA-41E4-903F-980BC3A68B7B}.Release|Any CPU.Build.0 = Release|Any CPU
	EndGlobalSection
	GlobalSection(SolutionProperties) = preSolution
		HideSolutionNode = FALSE
	EndGlobalSection
	GlobalSection(ExtensibilityGlobals) = postSolution
		SolutionGuid = {822B7C90-EA42-4535-A4AD-7420772FE16D}
	EndGlobalSection
EndGlobal
